
Microsoft Visual Studio Solution File, Format Version 12.00
# Visual Studio Version 16
VisualStudioVersion = 16.0.29201.188
MinimumVisualStudioVersion = 10.0.40219.1
Project("{8BC9CEB8-8B4A-11D0-8D11-00A0C91BC942}") = "JFKMarioWorld", "JFKMarioWorld.vcxproj", "{02E6AB12-B09A-45EE-8061-5CCF97C2F9D1}"
EndProject
Global
	GlobalSection(SolutionConfigurationPlatforms) = preSolution
		Debug|ARM = Debug|ARM
		Debug|ARM64 = Debug|ARM64
		Debug|x64 = Debug|x64
		Debug|x86 = Debug|x86
		Release|ARM = Release|ARM
		Release|ARM64 = Release|ARM64
		Release|x64 = Release|x64
		Release|x86 = Release|x86
	EndGlobalSection
	GlobalSection(ProjectConfigurationPlatforms) = postSolution
		{02E6AB12-B09A-45EE-8061-5CCF97C2F9D1}.Debug|ARM.ActiveCfg = Debug|ARM
		{02E6AB12-B09A-45EE-8061-5CCF97C2F9D1}.Debug|ARM.Build.0 = Debug|ARM
		{02E6AB12-B09A-45EE-8061-5CCF97C2F9D1}.Debug|ARM64.ActiveCfg = Debug|Win32
		{02E6AB12-B09A-45EE-8061-5CCF97C2F9D1}.Debug|x64.ActiveCfg = Debug|x64
		{02E6AB12-B09A-45EE-8061-5CCF97C2F9D1}.Debug|x64.Build.0 = Debug|x64
		{02E6AB12-B09A-45EE-8061-5CCF97C2F9D1}.Debug|x86.ActiveCfg = Debug|Win32
		{02E6AB12-B09A-45EE-8061-5CCF97C2F9D1}.Debug|x86.Build.0 = Debug|Win32
		{02E6AB12-B09A-45EE-8061-5CCF97C2F9D1}.Release|ARM.ActiveCfg = Release|ARM
		{02E6AB12-B09A-45EE-8061-5CCF97C2F9D1}.Release|ARM.Build.0 = Release|ARM
		{02E6AB12-B09A-45EE-8061-5CCF97C2F9D1}.Release|ARM64.ActiveCfg = Release|Win32
		{02E6AB12-B09A-45EE-8061-5CCF97C2F9D1}.Release|x64.ActiveCfg = Release|x64
		{02E6AB12-B09A-45EE-8061-5CCF97C2F9D1}.Release|x64.Build.0 = Release|x64
		{02E6AB12-B09A-45EE-8061-5CCF97C2F9D1}.Release|x86.ActiveCfg = Release|Win32
		{02E6AB12-B09A-45EE-8061-5CCF97C2F9D1}.Release|x86.Build.0 = Release|Win32
	EndGlobalSection
	GlobalSection(SolutionProperties) = preSolution
		HideSolutionNode = FALSE
	EndGlobalSection
	GlobalSection(ExtensibilityGlobals) = postSolution
		SolutionGuid = {98D87D8C-9A06-4456-B4EF-12DFBE2C47D9}
	EndGlobalSection
EndGlobal
